
Microsoft Visual Studio Solution File, Format Version 12.00
# Visual Studio Version 17
VisualStudioVersion = 17.0.31903.59
MinimumVisualStudioVersion = 10.0.40219.1
Project("{FAE04EC0-301F-11D3-BF4B-00C04F79EFBC}") = "BudgetManager.Presentation", "BudgetManager.Presentation\BudgetManager.Presentation.csproj", "{5C5F3DCE-3D69-4769-BC59-B5FC43DC4537}"
EndProject
Project("{FAE04EC0-301F-11D3-BF4B-00C04F79EFBC}") = "BudgetManager.Domain", "BudgetManager.Domain\BudgetManager.Domain.csproj", "{F1A10E0C-E3EB-42D2-B0CA-81F1BFB81468}"
EndProject
Project("{FAE04EC0-301F-11D3-BF4B-00C04F79EFBC}") = "BudgetManager.Application", "BudgetManager.Application\BudgetManager.Application.csproj", "{08E25BD1-C3A0-461B-90A1-3F9FD630C9F1}"
EndProject
Project("{FAE04EC0-301F-11D3-BF4B-00C04F79EFBC}") = "BudgetManager.Infrastructure", "BudgetManager.Infrastructure\BudgetManager.Infrastructure.csproj", "{1BD480D4-7B54-4055-B3B1-A49B4C8A685A}"
EndProject
Project("{2150E333-8FDC-42A3-9474-1A3956D46DE8}") = "Solution Items", "Solution Items", "{7A67EDF4-7E1E-4395-82F9-C6F877E94B32}"
	ProjectSection(SolutionItems) = preProject
		docker-compose.yml = docker-compose.yml
	EndProjectSection
EndProject
Project("{FAE04EC0-301F-11D3-BF4B-00C04F79EFBC}") = "BudgetManager.Ioc", "BudgetManager.Ioc\BudgetManager.Ioc.csproj", "{82C3979F-1960-449C-B19E-1AEC5EE8A282}"
EndProject
Project("{2150E333-8FDC-42A3-9474-1A3956D46DE8}") = "Tests", "Tests", "{E7212C5E-4015-4F65-A026-991B039D1F09}"
EndProject
Project("{FAE04EC0-301F-11D3-BF4B-00C04F79EFBC}") = "BudgetManager.UnitTests", "BudgetManager.UnitTests\BudgetManager.UnitTests.csproj", "{39B03060-B8C2-44AB-B40B-4EE11A89ACFB}"
EndProject
Global
	GlobalSection(SolutionConfigurationPlatforms) = preSolution
		Debug|Any CPU = Debug|Any CPU
		Release|Any CPU = Release|Any CPU
	EndGlobalSection
	GlobalSection(SolutionProperties) = preSolution
		HideSolutionNode = FALSE
	EndGlobalSection
	GlobalSection(ProjectConfigurationPlatforms) = postSolution
		{5C5F3DCE-3D69-4769-BC59-B5FC43DC4537}.Debug|Any CPU.ActiveCfg = Debug|Any CPU
		{5C5F3DCE-3D69-4769-BC59-B5FC43DC4537}.Debug|Any CPU.Build.0 = Debug|Any CPU
		{5C5F3DCE-3D69-4769-BC59-B5FC43DC4537}.Release|Any CPU.ActiveCfg = Release|Any CPU
		{5C5F3DCE-3D69-4769-BC59-B5FC43DC4537}.Release|Any CPU.Build.0 = Release|Any CPU
		{F1A10E0C-E3EB-42D2-B0CA-81F1BFB81468}.Debug|Any CPU.ActiveCfg = Debug|Any CPU
		{F1A10E0C-E3EB-42D2-B0CA-81F1BFB81468}.Debug|Any CPU.Build.0 = Debug|Any CPU
		{F1A10E0C-E3EB-42D2-B0CA-81F1BFB81468}.Release|Any CPU.ActiveCfg = Release|Any CPU
		{F1A10E0C-E3EB-42D2-B0CA-81F1BFB81468}.Release|Any CPU.Build.0 = Release|Any CPU
		{08E25BD1-C3A0-461B-90A1-3F9FD630C9F1}.Debug|Any CPU.ActiveCfg = Debug|Any CPU
		{08E25BD1-C3A0-461B-90A1-3F9FD630C9F1}.Debug|Any CPU.Build.0 = Debug|Any CPU
		{08E25BD1-C3A0-461B-90A1-3F9FD630C9F1}.Release|Any CPU.ActiveCfg = Release|Any CPU
		{08E25BD1-C3A0-461B-90A1-3F9FD630C9F1}.Release|Any CPU.Build.0 = Release|Any CPU
		{1BD480D4-7B54-4055-B3B1-A49B4C8A685A}.Debug|Any CPU.ActiveCfg = Debug|Any CPU
		{1BD480D4-7B54-4055-B3B1-A49B4C8A685A}.Debug|Any CPU.Build.0 = Debug|Any CPU
		{1BD480D4-7B54-4055-B3B1-A49B4C8A685A}.Release|Any CPU.ActiveCfg = Release|Any CPU
		{1BD480D4-7B54-4055-B3B1-A49B4C8A685A}.Release|Any CPU.Build.0 = Release|Any CPU
		{82C3979F-1960-449C-B19E-1AEC5EE8A282}.Debug|Any CPU.ActiveCfg = Debug|Any CPU
		{82C3979F-1960-449C-B19E-1AEC5EE8A282}.Debug|Any CPU.Build.0 = Debug|Any CPU
		{82C3979F-1960-449C-B19E-1AEC5EE8A282}.Release|Any CPU.ActiveCfg = Release|Any CPU
		{82C3979F-1960-449C-B19E-1AEC5EE8A282}.Release|Any CPU.Build.0 = Release|Any CPU
		{39B03060-B8C2-44AB-B40B-4EE11A89ACFB}.Debug|Any CPU.ActiveCfg = Debug|Any CPU
		{39B03060-B8C2-44AB-B40B-4EE11A89ACFB}.Debug|Any CPU.Build.0 = Debug|Any CPU
		{39B03060-B8C2-44AB-B40B-4EE11A89ACFB}.Release|Any CPU.ActiveCfg = Release|Any CPU
		{39B03060-B8C2-44AB-B40B-4EE11A89ACFB}.Release|Any CPU.Build.0 = Release|Any CPU
	EndGlobalSection
	GlobalSection(NestedProjects) = preSolution
		{39B03060-B8C2-44AB-B40B-4EE11A89ACFB} = {E7212C5E-4015-4F65-A026-991B039D1F09}
	EndGlobalSection
EndGlobal
